PODS:
  - AppCenter (3.1.0):
    - AppCenter/Analytics (= 3.1.0)
    - AppCenter/Crashes (= 3.1.0)
  - AppCenter/Analytics (3.1.0):
    - AppCenter/Core
  - AppCenter/Core (3.1.0)
  - AppCenter/Crashes (3.1.0):
    - AppCenter/Core
  - Bond (7.6.6):
    - Differ (~> 1.4)
    - ReactiveKit (~> 3.14)
  - CocoaLumberjack/Core (3.6.1)
  - CocoaLumberjack/Swift (3.6.1):
    - CocoaLumberjack/Core
  - Differ (1.4.5)
  - GZIP (1.2.2)
  - HandyJSON (5.0.1)
  - R.swift (5.1.0):
    - R.swift.Library (~> 5.1.0)
  - R.swift.Library (5.1.0)
  - ReactiveKit (3.16.3)

DEPENDENCIES:
  - AppCenter
  - Bond
  - CocoaLumberjack/Swift
  - GZIP (= 1.2.2)
  - HandyJSON (~> 5.0.0)
  - R.swift

SPEC REPOS:
  trunk:
    - AppCenter
    - Bond
    - CocoaLumberjack
    - Differ
    - GZIP
    - HandyJSON
    - R.swift
    - R.swift.Library
    - ReactiveKit

SPEC CHECKSUMS:
  AppCenter: a1c30c47b7882a04a615ffa5ab26c007326436d8
  Bond: 9e7d901cf4ed825b6004a93dd0a7f1c7479e2834
  CocoaLumberjack: b17ae15142558d08bbacf69775fa10c4abbebcc9
  Differ: 3b6bd78e2b20cc795d9a86f7641d087524e4273e
  GZIP: 12374d285e3b5d46cfcd480700fcfc7e16caf4f1
  HandyJSON: d45b8415c501e3affc59ca9762c1197ff0feb646
  R.swift: 8cbc4fc69b740305b6a17c8a8ed968eb788962d9
  R.swift.Library: fa85ce1e0d0b7e818cd9e080df910ba54d2776cc
  ReactiveKit: faec214ebc027b371b8037e0cf6336bacd42b889

PODFILE CHECKSUM: ba78e825767e3df2cb2d0ba7b074662f8b519cea

COCOAPODS: 1.9.1
