// !$*UTF8*$!
{
	archiveVersion = 1;
	classes = {
	};
	objectVersion = 52;
	objects = {

/* Begin PBXBuildFile section */
		43349EAEF319198A2181A68B /* Pods_MasterThermEasyControl_Today.framework in Frameworks */ = {isa = PBXBuildFile; fileRef = 055168DB7882FD99037CBE4F /* Pods_MasterThermEasyControl_Today.framework */; };
		560DCB05234E2A0D00B15ACB /* Localizable.strings in Resources */ = {isa = PBXBuildFile; fileRef = 560DCB08234E2A0D00B15ACB /* Localizable.strings */; };
		560DCB06234E2A0D00B15ACB /* Localizable.strings in Resources */ = {isa = PBXBuildFile; fileRef = 560DCB08234E2A0D00B15ACB /* Localizable.strings */; };
		5617036B229C6B0100629790 /* LoginViewController.swift in Sources */ = {isa = PBXBuildFile; fileRef = 56170369229C6B0100629790 /* LoginViewController.swift */; };
		5617036C229C6B0100629790 /* LoginViewController.xib in Resources */ = {isa = PBXBuildFile; fileRef = 5617036A229C6B0100629790 /* LoginViewController.xib */; };
		56170373229C76B300629790 /* StyleableButton.swift in Sources */ = {isa = PBXBuildFile; fileRef = 56170370229C723500629790 /* StyleableButton.swift */; };
		56170374229C76B300629790 /* StyleableImageView.swift in Sources */ = {isa = PBXBuildFile; fileRef = 5617036F229C723500629790 /* StyleableImageView.swift */; };
		56170375229C76B300629790 /* StyleableLabel.swift in Sources */ = {isa = PBXBuildFile; fileRef = 5617036E229C723500629790 /* StyleableLabel.swift */; };
		56170376229C76B300629790 /* StyleableSwitch.swift in Sources */ = {isa = PBXBuildFile; fileRef = 56170372229C723500629790 /* StyleableSwitch.swift */; };
		56170377229C76B300629790 /* StyleableTextField.swift in Sources */ = {isa = PBXBuildFile; fileRef = 56170371229C723500629790 /* StyleableTextField.swift */; };
		56315610228DC6A200C0B8D8 /* AppDelegate.swift in Sources */ = {isa = PBXBuildFile; fileRef = 5631560F228DC6A100C0B8D8 /* AppDelegate.swift */; };
		56315617228DC6A300C0B8D8 /* Assets.xcassets in Resources */ = {isa = PBXBuildFile; fileRef = 56315616228DC6A300C0B8D8 /* Assets.xcassets */; };
		5631561A228DC6A300C0B8D8 /* LaunchScreen.storyboard in Resources */ = {isa = PBXBuildFile; fileRef = 56315618228DC6A300C0B8D8 /* LaunchScreen.storyboard */; };
		56315625228DC79D00C0B8D8 /* TemperatureViewController.swift in Sources */ = {isa = PBXBuildFile; fileRef = 56315623228DC79D00C0B8D8 /* TemperatureViewController.swift */; };
		56315626228DC79D00C0B8D8 /* TemperatureViewController.xib in Resources */ = {isa = PBXBuildFile; fileRef = 56315624228DC79D00C0B8D8 /* TemperatureViewController.xib */; };
		563A281522919BB5002A3708 /* ApiManager.swift in Sources */ = {isa = PBXBuildFile; fileRef = 563A281422919BB5002A3708 /* ApiManager.swift */; };
		563A281822919E7C002A3708 /* DictionaryEx.swift in Sources */ = {isa = PBXBuildFile; fileRef = 563A281722919E7B002A3708 /* DictionaryEx.swift */; };
		563A281A22919E92002A3708 /* CharsetEx.swift in Sources */ = {isa = PBXBuildFile; fileRef = 563A281922919E92002A3708 /* CharsetEx.swift */; };
		563A281C22919ECE002A3708 /* StringEx.swift in Sources */ = {isa = PBXBuildFile; fileRef = 563A281B22919ECE002A3708 /* StringEx.swift */; };
		565E0D4922B6682900E434AD /* SF-Pro-Display-Medium.otf in Resources */ = {isa = PBXBuildFile; fileRef = 565E0D4722B6682900E434AD /* SF-Pro-Display-Medium.otf */; };
		565E0D4A22B6682900E434AD /* SF-Pro-Display-Thin.otf in Resources */ = {isa = PBXBuildFile; fileRef = 565E0D4822B6682900E434AD /* SF-Pro-Display-Thin.otf */; };
		565E0D4C22B6686900E434AD /* Theme.swift in Sources */ = {isa = PBXBuildFile; fileRef = 565E0D4B22B6686900E434AD /* Theme.swift */; };
		567DD3E623539177008948C2 /* InitialViewController.swift in Sources */ = {isa = PBXBuildFile; fileRef = 567DD3E423539177008948C2 /* InitialViewController.swift */; };
		567DD3E723539177008948C2 /* InitialViewController.xib in Resources */ = {isa = PBXBuildFile; fileRef = 567DD3E523539177008948C2 /* InitialViewController.xib */; };
		568205B22350D99300351245 /* MainViewController.swift in Sources */ = {isa = PBXBuildFile; fileRef = 568205B02350D99300351245 /* MainViewController.swift */; };
		568205B32350D99300351245 /* MainViewController.xib in Resources */ = {isa = PBXBuildFile; fileRef = 568205B12350D99300351245 /* MainViewController.xib */; };
		568205BA2350DE9E00351245 /* CardView.swift in Sources */ = {isa = PBXBuildFile; fileRef = 568205B92350DE9E00351245 /* CardView.swift */; };
		568205BC23511D2A00351245 /* UIViewControllerEx.swift in Sources */ = {isa = PBXBuildFile; fileRef = 568205BB23511D2A00351245 /* UIViewControllerEx.swift */; };
		568205BF235127F000351245 /* OutdoorTemperatureViewController.swift in Sources */ = {isa = PBXBuildFile; fileRef = 568205BD235127F000351245 /* OutdoorTemperatureViewController.swift */; };
		568205C0235127F000351245 /* OutdoorTemperatureViewController.xib in Resources */ = {isa = PBXBuildFile; fileRef = 568205BE235127F000351245 /* OutdoorTemperatureViewController.xib */; };
		568B069B22BCEC5B00CCE6AC /* NumberFormatUtils.swift in Sources */ = {isa = PBXBuildFile; fileRef = 568B069A22BCEC5B00CCE6AC /* NumberFormatUtils.swift */; };
		568B069C22BCEDF800CCE6AC /* NumberFormatUtils.swift in Sources */ = {isa = PBXBuildFile; fileRef = 568B069A22BCEC5B00CCE6AC /* NumberFormatUtils.swift */; };
		568B069E22BCFB5200CCE6AC /* AppReviewer.swift in Sources */ = {isa = PBXBuildFile; fileRef = 568B069D22BCFB5200CCE6AC /* AppReviewer.swift */; };
		56AC78752291A0C10025D128 /* LoginResponse.swift in Sources */ = {isa = PBXBuildFile; fileRef = 56AC78742291A0C10025D128 /* LoginResponse.swift */; };
		56B6CB152291EA6900277DD7 /* DataResponse.swift in Sources */ = {isa = PBXBuildFile; fileRef = 56B6CB142291EA6900277DD7 /* DataResponse.swift */; };
		56B6CB182293347000277DD7 /* HeatModel.swift in Sources */ = {isa = PBXBuildFile; fileRef = 56B6CB172293347000277DD7 /* HeatModel.swift */; };
		56B6CB1A2293386D00277DD7 /* Session.swift in Sources */ = {isa = PBXBuildFile; fileRef = 56B6CB192293386D00277DD7 /* Session.swift */; };
		56B6CB1C2299CA7400277DD7 /* GradientView.swift in Sources */ = {isa = PBXBuildFile; fileRef = 56B6CB1B2299CA7400277DD7 /* GradientView.swift */; };
		56B6CB1F2299CBFC00277DD7 /* R.generated.swift in Sources */ = {isa = PBXBuildFile; fileRef = 56B6CB1E2299CBFC00277DD7 /* R.generated.swift */; };
		56B6CB222299D81B00277DD7 /* Knob.swift in Sources */ = {isa = PBXBuildFile; fileRef = 56B6CB212299D81B00277DD7 /* Knob.swift */; };
		56D70D8D22B4F60A00F6E156 /* HotWaterModel.swift in Sources */ = {isa = PBXBuildFile; fileRef = 56D70D8C22B4F60A00F6E156 /* HotWaterModel.swift */; };
		56D70D8F22B4F66100F6E156 /* TemperatureModelBase.swift in Sources */ = {isa = PBXBuildFile; fileRef = 56D70D8E22B4F66100F6E156 /* TemperatureModelBase.swift */; };
		56D70D9722B512DB00F6E156 /* KeychainConfiguration.swift in Sources */ = {isa = PBXBuildFile; fileRef = 56D70D9522B512DB00F6E156 /* KeychainConfiguration.swift */; };
		56D70D9822B512DB00F6E156 /* KeychainPasswordItem.swift in Sources */ = {isa = PBXBuildFile; fileRef = 56D70D9622B512DB00F6E156 /* KeychainPasswordItem.swift */; };
		56D70DA222B6848A00F6E156 /* BaseViewController.swift in Sources */ = {isa = PBXBuildFile; fileRef = 56D70DA122B6848A00F6E156 /* BaseViewController.swift */; };
		56D70DAB22B6B6A200F6E156 /* NotificationCenter.framework in Frameworks */ = {isa = PBXBuildFile; fileRef = 56D70DAA22B6B6A200F6E156 /* NotificationCenter.framework */; };
		56D70DAE22B6B6A300F6E156 /* TodayViewController.swift in Sources */ = {isa = PBXBuildFile; fileRef = 56D70DAD22B6B6A300F6E156 /* TodayViewController.swift */; };
		56D70DB122B6B6A300F6E156 /* MainInterface.storyboard in Resources */ = {isa = PBXBuildFile; fileRef = 56D70DAF22B6B6A300F6E156 /* MainInterface.storyboard */; };
		56D70DB522B6B6A300F6E156 /* MasterThermEasyControl.Today.appex in Embed App Extensions */ = {isa = PBXBuildFile; fileRef = 56D70DA922B6B6A200F6E156 /* MasterThermEasyControl.Today.appex */; platformFilter = ios; settings = {ATTRIBUTES = (RemoveHeadersOnCopy, ); }; };
		56D70DBA22B6B6DB00F6E156 /* GradientView.swift in Sources */ = {isa = PBXBuildFile; fileRef = 56B6CB1B2299CA7400277DD7 /* GradientView.swift */; };
		56D70DBB22B6B73000F6E156 /* StyleableButton.swift in Sources */ = {isa = PBXBuildFile; fileRef = 56170370229C723500629790 /* StyleableButton.swift */; };
		56D70DBC22B6B73000F6E156 /* StyleableImageView.swift in Sources */ = {isa = PBXBuildFile; fileRef = 5617036F229C723500629790 /* StyleableImageView.swift */; };
		56D70DBD22B6B73000F6E156 /* StyleableLabel.swift in Sources */ = {isa = PBXBuildFile; fileRef = 5617036E229C723500629790 /* StyleableLabel.swift */; };
		56D70DBE22B6B73000F6E156 /* StyleableSwitch.swift in Sources */ = {isa = PBXBuildFile; fileRef = 56170372229C723500629790 /* StyleableSwitch.swift */; };
		56D70DBF22B6B73000F6E156 /* StyleableTextField.swift in Sources */ = {isa = PBXBuildFile; fileRef = 56170371229C723500629790 /* StyleableTextField.swift */; };
		56D70DC022B6C29800F6E156 /* Theme.swift in Sources */ = {isa = PBXBuildFile; fileRef = 565E0D4B22B6686900E434AD /* Theme.swift */; };
		56D70DC122B6C2A700F6E156 /* SF-Pro-Display-Thin.otf in Resources */ = {isa = PBXBuildFile; fileRef = 565E0D4822B6682900E434AD /* SF-Pro-Display-Thin.otf */; };
		56D70DC422B6C5FD00F6E156 /* Assets.xcassets in Resources */ = {isa = PBXBuildFile; fileRef = 56315616228DC6A300C0B8D8 /* Assets.xcassets */; };
		56D70DC522B6CB5800F6E156 /* ApiManager.swift in Sources */ = {isa = PBXBuildFile; fileRef = 563A281422919BB5002A3708 /* ApiManager.swift */; };
		56D70DC622B6CB5800F6E156 /* Session.swift in Sources */ = {isa = PBXBuildFile; fileRef = 56B6CB192293386D00277DD7 /* Session.swift */; };
		56D70DC722B6CB5F00F6E156 /* LoginResponse.swift in Sources */ = {isa = PBXBuildFile; fileRef = 56AC78742291A0C10025D128 /* LoginResponse.swift */; };
		56D70DC822B6CB5F00F6E156 /* DataResponse.swift in Sources */ = {isa = PBXBuildFile; fileRef = 56B6CB142291EA6900277DD7 /* DataResponse.swift */; };
		56D70DC922B6CBA100F6E156 /* DictionaryEx.swift in Sources */ = {isa = PBXBuildFile; fileRef = 563A281722919E7B002A3708 /* DictionaryEx.swift */; };
		56D70DCA22B6CBA100F6E156 /* CharsetEx.swift in Sources */ = {isa = PBXBuildFile; fileRef = 563A281922919E92002A3708 /* CharsetEx.swift */; };
		56D70DCB22B6CBA100F6E156 /* StringEx.swift in Sources */ = {isa = PBXBuildFile; fileRef = 563A281B22919ECE002A3708 /* StringEx.swift */; };
		56D70DCC22B6CBB000F6E156 /* KeychainConfiguration.swift in Sources */ = {isa = PBXBuildFile; fileRef = 56D70D9522B512DB00F6E156 /* KeychainConfiguration.swift */; };
		56D70DCD22B6CBB000F6E156 /* KeychainPasswordItem.swift in Sources */ = {isa = PBXBuildFile; fileRef = 56D70D9622B512DB00F6E156 /* KeychainPasswordItem.swift */; };
		56D70DCE22B6D14300F6E156 /* HeatModel.swift in Sources */ = {isa = PBXBuildFile; fileRef = 56B6CB172293347000277DD7 /* HeatModel.swift */; };
		56D70DCF22B6D14300F6E156 /* HotWaterModel.swift in Sources */ = {isa = PBXBuildFile; fileRef = 56D70D8C22B4F60A00F6E156 /* HotWaterModel.swift */; };
		56D70DD022B6D14300F6E156 /* TemperatureModelBase.swift in Sources */ = {isa = PBXBuildFile; fileRef = 56D70D8E22B4F66100F6E156 /* TemperatureModelBase.swift */; };
		56D70DD422B6E65F00F6E156 /* ProfileViewController.swift in Sources */ = {isa = PBXBuildFile; fileRef = 56D70DD222B6E65F00F6E156 /* ProfileViewController.swift */; };
		56D70DD522B6E65F00F6E156 /* ProfileViewController.xib in Resources */ = {isa = PBXBuildFile; fileRef = 56D70DD322B6E65F00F6E156 /* ProfileViewController.xib */; };
		56D70DD722B8197900F6E156 /* AlertUtils.swift in Sources */ = {isa = PBXBuildFile; fileRef = 56D70DD622B8197900F6E156 /* AlertUtils.swift */; };
		56D70DDA22B81A7300F6E156 /* HeatPumpInfoViewController.swift in Sources */ = {isa = PBXBuildFile; fileRef = 56D70DD822B81A7300F6E156 /* HeatPumpInfoViewController.swift */; };
		56D70DDB22B81A7300F6E156 /* HeatPumpInfoViewController.xib in Resources */ = {isa = PBXBuildFile; fileRef = 56D70DD922B81A7300F6E156 /* HeatPumpInfoViewController.xib */; };
		56D70DDD22BAB90C00F6E156 /* ModelBase.swift in Sources */ = {isa = PBXBuildFile; fileRef = 56D70DDC22BAB90C00F6E156 /* ModelBase.swift */; };
		56D70DDE22BABA0F00F6E156 /* ModelBase.swift in Sources */ = {isa = PBXBuildFile; fileRef = 56D70DDC22BAB90C00F6E156 /* ModelBase.swift */; };
		56D70DE022BABA4600F6E156 /* HeatPumpModel.swift in Sources */ = {isa = PBXBuildFile; fileRef = 56D70DDF22BABA4600F6E156 /* HeatPumpModel.swift */; };
		56D70DE122BABA4600F6E156 /* HeatPumpModel.swift in Sources */ = {isa = PBXBuildFile; fileRef = 56D70DDF22BABA4600F6E156 /* HeatPumpModel.swift */; };
		56D70DE322BD45A200F6E156 /* ModuleInfoResponse.swift in Sources */ = {isa = PBXBuildFile; fileRef = 56D70DE222BD45A200F6E156 /* ModuleInfoResponse.swift */; };
		56D70DE422BD45A200F6E156 /* ModuleInfoResponse.swift in Sources */ = {isa = PBXBuildFile; fileRef = 56D70DE222BD45A200F6E156 /* ModuleInfoResponse.swift */; };
		57E0CE1F2468A0177449F14C /* Pods_MasterThermEasyControl.framework in Frameworks */ = {isa = PBXBuildFile; fileRef = 1F2215B3C338FAFE9EED577D /* Pods_MasterThermEasyControl.framework */; };
/* End PBXBuildFile section */

/* Begin PBXContainerItemProxy section */
		56D70DB322B6B6A300F6E156 /* PBXContainerItemProxy */ = {
			isa = PBXContainerItemProxy;
			containerPortal = 56315604228DC6A100C0B8D8 /* Project object */;
			proxyType = 1;
			remoteGlobalIDString = 56D70DA822B6B6A200F6E156;
			remoteInfo = MasterThermEasyControl.Today;
		};
/* End PBXContainerItemProxy section */

/* Begin PBXCopyFilesBuildPhase section */
		56D70DB922B6B6A300F6E156 /* Embed App Extensions */ = {
			isa = PBXCopyFilesBuildPhase;
			buildActionMask = 2147483647;
			dstPath = "";
			dstSubfolderSpec = 13;
			files = (
				56D70DB522B6B6A300F6E156 /* MasterThermEasyControl.Today.appex in Embed App Extensions */,
			);
			name = "Embed App Extensions";
			runOnlyForDeploymentPostprocessing = 0;
		};
/* End PBXCopyFilesBuildPhase section */

/* Begin PBXFileReference section */
		055168DB7882FD99037CBE4F /* Pods_MasterThermEasyControl_Today.framework */ = {isa = PBXFileReference; explicitFileType = wrapper.framework; includeInIndex = 0; path = Pods_MasterThermEasyControl_Today.framework; sourceTree = BUILT_PRODUCTS_DIR; };
		1EB2AABB870DBD7713726A5D /* Pods-MasterThermEasyControl.debug.xcconfig */ = {isa = PBXFileReference; includeInIndex = 1; lastKnownFileType = text.xcconfig; name = "Pods-MasterThermEasyControl.debug.xcconfig"; path = "../Pods/Target Support Files/Pods-MasterThermEasyControl/Pods-MasterThermEasyControl.debug.xcconfig"; sourceTree = "<group>"; };
		1F2215B3C338FAFE9EED577D /* Pods_MasterThermEasyControl.framework */ = {isa = PBXFileReference; explicitFileType = wrapper.framework; includeInIndex = 0; path = Pods_MasterThermEasyControl.framework; sourceTree = BUILT_PRODUCTS_DIR; };
		560DCB07234E2A0D00B15ACB /* en */ = {isa = PBXFileReference; lastKnownFileType = text.plist.strings; name = en; path = en.lproj/Localizable.strings; sourceTree = "<group>"; };
		560DCB09234E2A6000B15ACB /* cs */ = {isa = PBXFileReference; lastKnownFileType = text.plist.strings; name = cs; path = cs.lproj/Localizable.strings; sourceTree = "<group>"; };
		56170369229C6B0100629790 /* LoginViewController.swift */ = {isa = PBXFileReference; lastKnownFileType = sourcecode.swift; path = LoginViewController.swift; sourceTree = "<group>"; };
		5617036A229C6B0100629790 /* LoginViewController.xib */ = {isa = PBXFileReference; lastKnownFileType = file.xib; path = LoginViewController.xib; sourceTree = "<group>"; };
		5617036E229C723500629790 /* StyleableLabel.swift */ = {isa = PBXFileReference; lastKnownFileType = sourcecode.swift; path = StyleableLabel.swift; sourceTree = "<group>"; };
		5617036F229C723500629790 /* StyleableImageView.swift */ = {isa = PBXFileReference; lastKnownFileType = sourcecode.swift; path = StyleableImageView.swift; sourceTree = "<group>"; };
		56170370229C723500629790 /* StyleableButton.swift */ = {isa = PBXFileReference; lastKnownFileType = sourcecode.swift; path = StyleableButton.swift; sourceTree = "<group>"; };
		56170371229C723500629790 /* StyleableTextField.swift */ = {isa = PBXFileReference; lastKnownFileType = sourcecode.swift; path = StyleableTextField.swift; sourceTree = "<group>"; };
		56170372229C723500629790 /* StyleableSwitch.swift */ = {isa = PBXFileReference; lastKnownFileType = sourcecode.swift; path = StyleableSwitch.swift; sourceTree = "<group>"; };
		5631560C228DC6A100C0B8D8 /* MasterThermEasyControl.app */ = {isa = PBXFileReference; explicitFileType = wrapper.application; includeInIndex = 0; path = MasterThermEasyControl.app; sourceTree = BUILT_PRODUCTS_DIR; };
		5631560F228DC6A100C0B8D8 /* AppDelegate.swift */ = {isa = PBXFileReference; lastKnownFileType = sourcecode.swift; path = AppDelegate.swift; sourceTree = "<group>"; };
		56315616228DC6A300C0B8D8 /* Assets.xcassets */ = {isa = PBXFileReference; lastKnownFileType = folder.assetcatalog; path = Assets.xcassets; sourceTree = "<group>"; };
		56315619228DC6A300C0B8D8 /* Base */ = {isa = PBXFileReference; lastKnownFileType = file.storyboard; name = Base; path = Base.lproj/LaunchScreen.storyboard; sourceTree = "<group>"; };
		5631561B228DC6A300C0B8D8 /* Info.plist */ = {isa = PBXFileReference; lastKnownFileType = text.plist.xml; path = Info.plist; sourceTree = "<group>"; };
		56315623228DC79D00C0B8D8 /* TemperatureViewController.swift */ = {isa = PBXFileReference; lastKnownFileType = sourcecode.swift; path = TemperatureViewController.swift; sourceTree = "<group>"; };
		56315624228DC79D00C0B8D8 /* TemperatureViewController.xib */ = {isa = PBXFileReference; lastKnownFileType = file.xib; path = TemperatureViewController.xib; sourceTree = "<group>"; };
		563A281422919BB5002A3708 /* ApiManager.swift */ = {isa = PBXFileReference; lastKnownFileType = sourcecode.swift; path = ApiManager.swift; sourceTree = "<group>"; };
		563A281722919E7B002A3708 /* DictionaryEx.swift */ = {isa = PBXFileReference; lastKnownFileType = sourcecode.swift; path = DictionaryEx.swift; sourceTree = "<group>"; };
		563A281922919E92002A3708 /* CharsetEx.swift */ = {isa = PBXFileReference; lastKnownFileType = sourcecode.swift; path = CharsetEx.swift; sourceTree = "<group>"; };
		563A281B22919ECE002A3708 /* StringEx.swift */ = {isa = PBXFileReference; lastKnownFileType = sourcecode.swift; path = StringEx.swift; sourceTree = "<group>"; };
		565E0D4722B6682900E434AD /* SF-Pro-Display-Medium.otf */ = {isa = PBXFileReference; lastKnownFileType = file; path = "SF-Pro-Display-Medium.otf"; sourceTree = "<group>"; };
		565E0D4822B6682900E434AD /* SF-Pro-Display-Thin.otf */ = {isa = PBXFileReference; lastKnownFileType = file; path = "SF-Pro-Display-Thin.otf"; sourceTree = "<group>"; };
		565E0D4B22B6686900E434AD /* Theme.swift */ = {isa = PBXFileReference; lastKnownFileType = sourcecode.swift; path = Theme.swift; sourceTree = "<group>"; };
		567DD3E423539177008948C2 /* InitialViewController.swift */ = {isa = PBXFileReference; fileEncoding = 4; lastKnownFileType = sourcecode.swift; path = InitialViewController.swift; sourceTree = "<group>"; };
		567DD3E523539177008948C2 /* InitialViewController.xib */ = {isa = PBXFileReference; fileEncoding = 4; lastKnownFileType = file.xib; path = InitialViewController.xib; sourceTree = "<group>"; };
		568205B02350D99300351245 /* MainViewController.swift */ = {isa = PBXFileReference; lastKnownFileType = sourcecode.swift; path = MainViewController.swift; sourceTree = "<group>"; };
		568205B12350D99300351245 /* MainViewController.xib */ = {isa = PBXFileReference; lastKnownFileType = file.xib; path = MainViewController.xib; sourceTree = "<group>"; };
		568205B92350DE9E00351245 /* CardView.swift */ = {isa = PBXFileReference; lastKnownFileType = sourcecode.swift; path = CardView.swift; sourceTree = "<group>"; };
		568205BB23511D2A00351245 /* UIViewControllerEx.swift */ = {isa = PBXFileReference; lastKnownFileType = sourcecode.swift; path = UIViewControllerEx.swift; sourceTree = "<group>"; };
		568205BD235127F000351245 /* OutdoorTemperatureViewController.swift */ = {isa = PBXFileReference; lastKnownFileType = sourcecode.swift; path = OutdoorTemperatureViewController.swift; sourceTree = "<group>"; };
		568205BE235127F000351245 /* OutdoorTemperatureViewController.xib */ = {isa = PBXFileReference; lastKnownFileType = file.xib; path = OutdoorTemperatureViewController.xib; sourceTree = "<group>"; };
		568B069A22BCEC5B00CCE6AC /* NumberFormatUtils.swift */ = {isa = PBXFileReference; lastKnownFileType = sourcecode.swift; path = NumberFormatUtils.swift; sourceTree = "<group>"; };
		568B069D22BCFB5200CCE6AC /* AppReviewer.swift */ = {isa = PBXFileReference; lastKnownFileType = sourcecode.swift; path = AppReviewer.swift; sourceTree = "<group>"; };
		56AC78742291A0C10025D128 /* LoginResponse.swift */ = {isa = PBXFileReference; lastKnownFileType = sourcecode.swift; path = LoginResponse.swift; sourceTree = "<group>"; };
		56B6CB142291EA6900277DD7 /* DataResponse.swift */ = {isa = PBXFileReference; lastKnownFileType = sourcecode.swift; path = DataResponse.swift; sourceTree = "<group>"; };
		56B6CB172293347000277DD7 /* HeatModel.swift */ = {isa = PBXFileReference; lastKnownFileType = sourcecode.swift; path = HeatModel.swift; sourceTree = "<group>"; };
		56B6CB192293386D00277DD7 /* Session.swift */ = {isa = PBXFileReference; lastKnownFileType = sourcecode.swift; path = Session.swift; sourceTree = "<group>"; };
		56B6CB1B2299CA7400277DD7 /* GradientView.swift */ = {isa = PBXFileReference; lastKnownFileType = sourcecode.swift; path = GradientView.swift; sourceTree = "<group>"; };
		56B6CB1E2299CBFC00277DD7 /* R.generated.swift */ = {isa = PBXFileReference; fileEncoding = 4; lastKnownFileType = sourcecode.swift; path = R.generated.swift; sourceTree = "<group>"; };
		56B6CB212299D81B00277DD7 /* Knob.swift */ = {isa = PBXFileReference; fileEncoding = 4; lastKnownFileType = sourcecode.swift; path = Knob.swift; sourceTree = "<group>"; };
		56D70D8C22B4F60A00F6E156 /* HotWaterModel.swift */ = {isa = PBXFileReference; lastKnownFileType = sourcecode.swift; path = HotWaterModel.swift; sourceTree = "<group>"; };
		56D70D8E22B4F66100F6E156 /* TemperatureModelBase.swift */ = {isa = PBXFileReference; lastKnownFileType = sourcecode.swift; path = TemperatureModelBase.swift; sourceTree = "<group>"; };
		56D70D9522B512DB00F6E156 /* KeychainConfiguration.swift */ = {isa = PBXFileReference; fileEncoding = 4; lastKnownFileType = sourcecode.swift; path = KeychainConfiguration.swift; sourceTree = "<group>"; };
		56D70D9622B512DB00F6E156 /* KeychainPasswordItem.swift */ = {isa = PBXFileReference; fileEncoding = 4; lastKnownFileType = sourcecode.swift; path = KeychainPasswordItem.swift; sourceTree = "<group>"; };
		56D70DA122B6848A00F6E156 /* BaseViewController.swift */ = {isa = PBXFileReference; lastKnownFileType = sourcecode.swift; path = BaseViewController.swift; sourceTree = "<group>"; };
		56D70DA922B6B6A200F6E156 /* MasterThermEasyControl.Today.appex */ = {isa = PBXFileReference; explicitFileType = "wrapper.app-extension"; includeInIndex = 0; path = MasterThermEasyControl.Today.appex; sourceTree = BUILT_PRODUCTS_DIR; };
		56D70DAA22B6B6A200F6E156 /* NotificationCenter.framework */ = {isa = PBXFileReference; lastKnownFileType = wrapper.framework; name = NotificationCenter.framework; path = System/Library/Frameworks/NotificationCenter.framework; sourceTree = SDKROOT; };
		56D70DAD22B6B6A300F6E156 /* TodayViewController.swift */ = {isa = PBXFileReference; lastKnownFileType = sourcecode.swift; path = TodayViewController.swift; sourceTree = "<group>"; };
		56D70DB022B6B6A300F6E156 /* Base */ = {isa = PBXFileReference; lastKnownFileType = file.storyboard; name = Base; path = Base.lproj/MainInterface.storyboard; sourceTree = "<group>"; };
		56D70DB222B6B6A300F6E156 /* Info.plist */ = {isa = PBXFileReference; lastKnownFileType = text.plist.xml; path = Info.plist; sourceTree = "<group>"; };
		56D70DC222B6C3C600F6E156 /* MasterThermEasyControl.entitlements */ = {isa = PBXFileReference; lastKnownFileType = text.plist.entitlements; path = MasterThermEasyControl.entitlements; sourceTree = "<group>"; };
		56D70DC322B6C3D600F6E156 /* MasterThermEasyControl.Today.entitlements */ = {isa = PBXFileReference; lastKnownFileType = text.plist.entitlements; path = MasterThermEasyControl.Today.entitlements; sourceTree = "<group>"; };
		56D70DD222B6E65F00F6E156 /* ProfileViewController.swift */ = {isa = PBXFileReference; lastKnownFileType = sourcecode.swift; path = ProfileViewController.swift; sourceTree = "<group>"; };
		56D70DD322B6E65F00F6E156 /* ProfileViewController.xib */ = {isa = PBXFileReference; lastKnownFileType = file.xib; path = ProfileViewController.xib; sourceTree = "<group>"; };
		56D70DD622B8197900F6E156 /* AlertUtils.swift */ = {isa = PBXFileReference; fileEncoding = 4; lastKnownFileType = sourcecode.swift; path = AlertUtils.swift; sourceTree = "<group>"; };
		56D70DD822B81A7300F6E156 /* HeatPumpInfoViewController.swift */ = {isa = PBXFileReference; lastKnownFileType = sourcecode.swift; path = HeatPumpInfoViewController.swift; sourceTree = "<group>"; };
		56D70DD922B81A7300F6E156 /* HeatPumpInfoViewController.xib */ = {isa = PBXFileReference; lastKnownFileType = file.xib; path = HeatPumpInfoViewController.xib; sourceTree = "<group>"; };
		56D70DDC22BAB90C00F6E156 /* ModelBase.swift */ = {isa = PBXFileReference; lastKnownFileType = sourcecode.swift; path = ModelBase.swift; sourceTree = "<group>"; };
		56D70DDF22BABA4600F6E156 /* HeatPumpModel.swift */ = {isa = PBXFileReference; lastKnownFileType = sourcecode.swift; path = HeatPumpModel.swift; sourceTree = "<group>"; };
		56D70DE222BD45A200F6E156 /* ModuleInfoResponse.swift */ = {isa = PBXFileReference; lastKnownFileType = sourcecode.swift; path = ModuleInfoResponse.swift; sourceTree = "<group>"; };
		984AD930A9D79CB8B99970E9 /* Pods-MasterThermEasyControl.Today.debug.xcconfig */ = {isa = PBXFileReference; includeInIndex = 1; lastKnownFileType = text.xcconfig; name = "Pods-MasterThermEasyControl.Today.debug.xcconfig"; path = "../Pods/Target Support Files/Pods-MasterThermEasyControl.Today/Pods-MasterThermEasyControl.Today.debug.xcconfig"; sourceTree = "<group>"; };
		E4A230C0024BC301D1175C04 /* Pods-MasterThermEasyControl.release.xcconfig */ = {isa = PBXFileReference; includeInIndex = 1; lastKnownFileType = text.xcconfig; name = "Pods-MasterThermEasyControl.release.xcconfig"; path = "../Pods/Target Support Files/Pods-MasterThermEasyControl/Pods-MasterThermEasyControl.release.xcconfig"; sourceTree = "<group>"; };
		F272EADFC22189E62E568538 /* Pods-MasterThermEasyControl.Today.release.xcconfig */ = {isa = PBXFileReference; includeInIndex = 1; lastKnownFileType = text.xcconfig; name = "Pods-MasterThermEasyControl.Today.release.xcconfig"; path = "../Pods/Target Support Files/Pods-MasterThermEasyControl.Today/Pods-MasterThermEasyControl.Today.release.xcconfig"; sourceTree = "<group>"; };
/* End PBXFileReference section */

/* Begin PBXFrameworksBuildPhase section */
		56315609228DC6A100C0B8D8 /* Frameworks */ = {
			isa = PBXFrameworksBuildPhase;
			buildActionMask = 2147483647;
			files = (
				57E0CE1F2468A0177449F14C /* Pods_MasterThermEasyControl.framework in Frameworks */,
			);
			runOnlyForDeploymentPostprocessing = 0;
		};
		56D70DA622B6B6A200F6E156 /* Frameworks */ = {
			isa = PBXFrameworksBuildPhase;
			buildActionMask = 2147483647;
			files = (
				56D70DAB22B6B6A200F6E156 /* NotificationCenter.framework in Frameworks */,
				43349EAEF319198A2181A68B /* Pods_MasterThermEasyControl_Today.framework in Frameworks */,
			);
			runOnlyForDeploymentPostprocessing = 0;
		};
/* End PBXFrameworksBuildPhase section */

/* Begin PBXGroup section */
		56170366229C6AC200629790 /* ViewControllers */ = {
			isa = PBXGroup;
			children = (
				56D70DA022B6847700F6E156 /* Base */,
				567DD3E423539177008948C2 /* InitialViewController.swift */,
				567DD3E523539177008948C2 /* InitialViewController.xib */,
				56315623228DC79D00C0B8D8 /* TemperatureViewController.swift */,
				56315624228DC79D00C0B8D8 /* TemperatureViewController.xib */,
				56170369229C6B0100629790 /* LoginViewController.swift */,
				5617036A229C6B0100629790 /* LoginViewController.xib */,
				56D70DD222B6E65F00F6E156 /* ProfileViewController.swift */,
				56D70DD322B6E65F00F6E156 /* ProfileViewController.xib */,
				56D70DD822B81A7300F6E156 /* HeatPumpInfoViewController.swift */,
				56D70DD922B81A7300F6E156 /* HeatPumpInfoViewController.xib */,
				568205BD235127F000351245 /* OutdoorTemperatureViewController.swift */,
				568205BE235127F000351245 /* OutdoorTemperatureViewController.xib */,
			);
			path = ViewControllers;
			sourceTree = "<group>";
		};
		5617036D229C71D300629790 /* Styleables */ = {
			isa = PBXGroup;
			children = (
				56170370229C723500629790 /* StyleableButton.swift */,
				5617036F229C723500629790 /* StyleableImageView.swift */,
				5617036E229C723500629790 /* StyleableLabel.swift */,
				56170372229C723500629790 /* StyleableSwitch.swift */,
				56170371229C723500629790 /* StyleableTextField.swift */,
			);
			path = Styleables;
			sourceTree = "<group>";
		};
		56315603228DC6A100C0B8D8 = {
			isa = PBXGroup;
			children = (
				560DCB08234E2A0D00B15ACB /* Localizable.strings */,
				56B6CB1E2299CBFC00277DD7 /* R.generated.swift */,
				5631560E228DC6A100C0B8D8 /* MasterThermEasyControl */,
				56D70DAC22B6B6A200F6E156 /* MasterThermEasyControl.Today */,
				5631560D228DC6A100C0B8D8 /* Products */,
				A39C377EABBF02FC7C886D3B /* Pods */,
				D611E6C580849BD450F38F5C /* Frameworks */,
			);
			sourceTree = "<group>";
		};
		5631560D228DC6A100C0B8D8 /* Products */ = {
			isa = PBXGroup;
			children = (
				5631560C228DC6A100C0B8D8 /* MasterThermEasyControl.app */,
				56D70DA922B6B6A200F6E156 /* MasterThermEasyControl.Today.appex */,
			);
			name = Products;
			sourceTree = "<group>";
		};
		5631560E228DC6A100C0B8D8 /* MasterThermEasyControl */ = {
			isa = PBXGroup;
			children = (
				56D70DC222B6C3C600F6E156 /* MasterThermEasyControl.entitlements */,
				56D70D9B22B530DA00F6E156 /* Utils */,
				56D70D9422B512B300F6E156 /* Keychain */,
				56170366229C6AC200629790 /* ViewControllers */,
				56B6CB202299D7F700277DD7 /* Views */,
				56B6CB162293341F00277DD7 /* Model */,
				563A281622919E69002A3708 /* Extensions */,
				563A281322919B9C002A3708 /* API */,
				5631560F228DC6A100C0B8D8 /* AppDelegate.swift */,
				565E0D4722B6682900E434AD /* SF-Pro-Display-Medium.otf */,
				565E0D4822B6682900E434AD /* SF-Pro-Display-Thin.otf */,
				56315616228DC6A300C0B8D8 /* Assets.xcassets */,
				56315618228DC6A300C0B8D8 /* LaunchScreen.storyboard */,
				5631561B228DC6A300C0B8D8 /* Info.plist */,
				568205B02350D99300351245 /* MainViewController.swift */,
				568205B12350D99300351245 /* MainViewController.xib */,
			);
			path = MasterThermEasyControl;
			sourceTree = "<group>";
		};
		563A281322919B9C002A3708 /* API */ = {
			isa = PBXGroup;
			children = (
				56AC78732291A08D0025D128 /* Model */,
				563A281422919BB5002A3708 /* ApiManager.swift */,
				56B6CB192293386D00277DD7 /* Session.swift */,
			);
			path = API;
			sourceTree = "<group>";
		};
		563A281622919E69002A3708 /* Extensions */ = {
			isa = PBXGroup;
			children = (
				563A281722919E7B002A3708 /* DictionaryEx.swift */,
				563A281922919E92002A3708 /* CharsetEx.swift */,
				563A281B22919ECE002A3708 /* StringEx.swift */,
				568205BB23511D2A00351245 /* UIViewControllerEx.swift */,
			);
			path = Extensions;
			sourceTree = "<group>";
		};
		56AC78732291A08D0025D128 /* Model */ = {
			isa = PBXGroup;
			children = (
				56AC78742291A0C10025D128 /* LoginResponse.swift */,
				56B6CB142291EA6900277DD7 /* DataResponse.swift */,
				56D70DE222BD45A200F6E156 /* ModuleInfoResponse.swift */,
			);
			path = Model;
			sourceTree = "<group>";
		};
		56B6CB162293341F00277DD7 /* Model */ = {
			isa = PBXGroup;
			children = (
				56B6CB172293347000277DD7 /* HeatModel.swift */,
				56D70D8C22B4F60A00F6E156 /* HotWaterModel.swift */,
				56D70D8E22B4F66100F6E156 /* TemperatureModelBase.swift */,
				56D70DDC22BAB90C00F6E156 /* ModelBase.swift */,
				56D70DDF22BABA4600F6E156 /* HeatPumpModel.swift */,
			);
			path = Model;
			sourceTree = "<group>";
		};
		56B6CB202299D7F700277DD7 /* Views */ = {
			isa = PBXGroup;
			children = (
				5617036D229C71D300629790 /* Styleables */,
				56B6CB212299D81B00277DD7 /* Knob.swift */,
				56B6CB1B2299CA7400277DD7 /* GradientView.swift */,
				565E0D4B22B6686900E434AD /* Theme.swift */,
				568205B92350DE9E00351245 /* CardView.swift */,
			);
			path = Views;
			sourceTree = "<group>";
		};
		56D70D9422B512B300F6E156 /* Keychain */ = {
			isa = PBXGroup;
			children = (
				56D70D9522B512DB00F6E156 /* KeychainConfiguration.swift */,
				56D70D9622B512DB00F6E156 /* KeychainPasswordItem.swift */,
			);
			path = Keychain;
			sourceTree = "<group>";
		};
		56D70D9B22B530DA00F6E156 /* Utils */ = {
			isa = PBXGroup;
			children = (
				56D70DD622B8197900F6E156 /* AlertUtils.swift */,
				568B069A22BCEC5B00CCE6AC /* NumberFormatUtils.swift */,
				568B069D22BCFB5200CCE6AC /* AppReviewer.swift */,
			);
			path = Utils;
			sourceTree = "<group>";
		};
		56D70DA022B6847700F6E156 /* Base */ = {
			isa = PBXGroup;
			children = (
				56D70DA122B6848A00F6E156 /* BaseViewController.swift */,
			);
			path = Base;
			sourceTree = "<group>";
		};
		56D70DAC22B6B6A200F6E156 /* MasterThermEasyControl.Today */ = {
			isa = PBXGroup;
			children = (
				56D70DC322B6C3D600F6E156 /* MasterThermEasyControl.Today.entitlements */,
				56D70DAD22B6B6A300F6E156 /* TodayViewController.swift */,
				56D70DAF22B6B6A300F6E156 /* MainInterface.storyboard */,
				56D70DB222B6B6A300F6E156 /* Info.plist */,
			);
			path = MasterThermEasyControl.Today;
			sourceTree = "<group>";
		};
		A39C377EABBF02FC7C886D3B /* Pods */ = {
			isa = PBXGroup;
			children = (
				1EB2AABB870DBD7713726A5D /* Pods-MasterThermEasyControl.debug.xcconfig */,
				E4A230C0024BC301D1175C04 /* Pods-MasterThermEasyControl.release.xcconfig */,
				984AD930A9D79CB8B99970E9 /* Pods-MasterThermEasyControl.Today.debug.xcconfig */,
				F272EADFC22189E62E568538 /* Pods-MasterThermEasyControl.Today.release.xcconfig */,
			);
			name = Pods;
			sourceTree = "<group>";
		};
		D611E6C580849BD450F38F5C /* Frameworks */ = {
			isa = PBXGroup;
			children = (
				1F2215B3C338FAFE9EED577D /* Pods_MasterThermEasyControl.framework */,
				56D70DAA22B6B6A200F6E156 /* NotificationCenter.framework */,
				055168DB7882FD99037CBE4F /* Pods_MasterThermEasyControl_Today.framework */,
			);
			name = Frameworks;
			sourceTree = "<group>";
		};
/* End PBXGroup section */

/* Begin PBXNativeTarget section */
		5631560B228DC6A100C0B8D8 /* MasterThermEasyControl */ = {
			isa = PBXNativeTarget;
			buildConfigurationList = 5631561E228DC6A300C0B8D8 /* Build configuration list for PBXNativeTarget "MasterThermEasyControl" */;
			buildPhases = (
				3B09DF2C1CC4054504A166FA /* [CP] Check Pods Manifest.lock */,
				56B6CB1D2299CAEE00277DD7 /* ShellScript */,
				56315608228DC6A100C0B8D8 /* Sources */,
				56315609228DC6A100C0B8D8 /* Frameworks */,
				5631560A228DC6A100C0B8D8 /* Resources */,
				E9406F599A4BFB2E50F5D725 /* [CP] Embed Pods Frameworks */,
				56D70DB922B6B6A300F6E156 /* Embed App Extensions */,
			);
			buildRules = (
			);
			dependencies = (
				56D70DB422B6B6A300F6E156 /* PBXTargetDependency */,
			);
			name = MasterThermEasyControl;
			productName = MasterThermEasyControl;
			productReference = 5631560C228DC6A100C0B8D8 /* MasterThermEasyControl.app */;
			productType = "com.apple.product-type.application";
		};
		56D70DA822B6B6A200F6E156 /* MasterThermEasyControl.Today */ = {
			isa = PBXNativeTarget;
			buildConfigurationList = 56D70DB622B6B6A300F6E156 /* Build configuration list for PBXNativeTarget "MasterThermEasyControl.Today" */;
			buildPhases = (
				4B7B39C90915E3D75A8F918A /* [CP] Check Pods Manifest.lock */,
				56D70DA522B6B6A200F6E156 /* Sources */,
				56D70DA622B6B6A200F6E156 /* Frameworks */,
				56D70DA722B6B6A200F6E156 /* Resources */,
			);
			buildRules = (
			);
			dependencies = (
			);
			name = MasterThermEasyControl.Today;
			productName = MasterThermEasyControl.Today;
			productReference = 56D70DA922B6B6A200F6E156 /* MasterThermEasyControl.Today.appex */;
			productType = "com.apple.product-type.app-extension";
		};
/* End PBXNativeTarget section */

/* Begin PBXProject section */
		56315604228DC6A100C0B8D8 /* Project object */ = {
			isa = PBXProject;
			attributes = {
				LastSwiftUpdateCheck = 1020;
				LastUpgradeCheck = 1010;
				ORGANIZATIONNAME = "Lukas Jezny";
				TargetAttributes = {
					5631560B228DC6A100C0B8D8 = {
						CreatedOnToolsVersion = 10.1;
						SystemCapabilities = {
							com.apple.ApplicationGroups.iOS = {
								enabled = 1;
							};
							com.apple.Keychain = {
								enabled = 1;
							};
						};
					};
					56D70DA822B6B6A200F6E156 = {
						CreatedOnToolsVersion = 10.2.1;
						SystemCapabilities = {
							com.apple.ApplicationGroups.iOS = {
								enabled = 1;
							};
							com.apple.Keychain = {
								enabled = 1;
							};
						};
					};
				};
			};
			buildConfigurationList = 56315607228DC6A100C0B8D8 /* Build configuration list for PBXProject "MasterThermEasyControl" */;
			compatibilityVersion = "Xcode 9.3";
			developmentRegion = en;
			hasScannedForEncodings = 0;
			knownRegions = (
				en,
				Base,
				cs,
			);
			mainGroup = 56315603228DC6A100C0B8D8;
			productRefGroup = 5631560D228DC6A100C0B8D8 /* Products */;
			projectDirPath = "";
			projectRoot = "";
			targets = (
				5631560B228DC6A100C0B8D8 /* MasterThermEasyControl */,
				56D70DA822B6B6A200F6E156 /* MasterThermEasyControl.Today */,
			);
		};
/* End PBXProject section */

/* Begin PBXResourcesBuildPhase section */
		5631560A228DC6A100C0B8D8 /* Resources */ = {
			isa = PBXResourcesBuildPhase;
			buildActionMask = 2147483647;
			files = (
				565E0D4922B6682900E434AD /* SF-Pro-Display-Medium.otf in Resources */,
				5617036C229C6B0100629790 /* LoginViewController.xib in Resources */,
				565E0D4A22B6682900E434AD /* SF-Pro-Display-Thin.otf in Resources */,
				5631561A228DC6A300C0B8D8 /* LaunchScreen.storyboard in Resources */,
				560DCB05234E2A0D00B15ACB /* Localizable.strings in Resources */,
				56D70DDB22B81A7300F6E156 /* HeatPumpInfoViewController.xib in Resources */,
				568205C0235127F000351245 /* OutdoorTemperatureViewController.xib in Resources */,
				567DD3E723539177008948C2 /* InitialViewController.xib in Resources */,
				568205B32350D99300351245 /* MainViewController.xib in Resources */,
				56315626228DC79D00C0B8D8 /* TemperatureViewController.xib in Resources */,
				56315617228DC6A300C0B8D8 /* Assets.xcassets in Resources */,
				56D70DD522B6E65F00F6E156 /* ProfileViewController.xib in Resources */,
			);
			runOnlyForDeploymentPostprocessing = 0;
		};
		56D70DA722B6B6A200F6E156 /* Resources */ = {
			isa = PBXResourcesBuildPhase;
			buildActionMask = 2147483647;
			files = (
				56D70DC122B6C2A700F6E156 /* SF-Pro-Display-Thin.otf in Resources */,
				560DCB06234E2A0D00B15ACB /* Localizable.strings in Resources */,
				56D70DC422B6C5FD00F6E156 /* Assets.xcassets in Resources */,
				56D70DB122B6B6A300F6E156 /* MainInterface.storyboard in Resources */,
			);
			runOnlyForDeploymentPostprocessing = 0;
		};
/* End PBXResourcesBuildPhase section */

/* Begin PBXShellScriptBuildPhase section */
		3B09DF2C1CC4054504A166FA /* [CP] Check Pods Manifest.lock */ = {
			isa = PBXShellScriptBuildPhase;
			buildActionMask = 2147483647;
			files = (
			);
			inputFileListPaths = (
			);
			inputPaths = (
				"${PODS_PODFILE_DIR_PATH}/Podfile.lock",
				"${PODS_ROOT}/Manifest.lock",
			);
			name = "[CP] Check Pods Manifest.lock";
			outputFileListPaths = (
			);
			outputPaths = (
				"$(DERIVED_FILE_DIR)/Pods-MasterThermEasyControl-checkManifestLockResult.txt",
			);
			runOnlyForDeploymentPostprocessing = 0;
			shellPath = /bin/sh;
			shellScript = "diff \"${PODS_PODFILE_DIR_PATH}/Podfile.lock\" \"${PODS_ROOT}/Manifest.lock\" > /dev/null\nif [ $? != 0 ] ; then\n    # print error to STDERR\n    echo \"error: The sandbox is not in sync with the Podfile.lock. Run 'pod install' or update your CocoaPods installation.\" >&2\n    exit 1\nfi\n# This output is used by Xcode 'outputs' to avoid re-running this script phase.\necho \"SUCCESS\" > \"${SCRIPT_OUTPUT_FILE_0}\"\n";
			showEnvVarsInLog = 0;
		};
		4B7B39C90915E3D75A8F918A /* [CP] Check Pods Manifest.lock */ = {
			isa = PBXShellScriptBuildPhase;
			buildActionMask = 2147483647;
			files = (
			);
			inputFileListPaths = (
			);
			inputPaths = (
				"${PODS_PODFILE_DIR_PATH}/Podfile.lock",
				"${PODS_ROOT}/Manifest.lock",
			);
			name = "[CP] Check Pods Manifest.lock";
			outputFileListPaths = (
			);
			outputPaths = (
				"$(DERIVED_FILE_DIR)/Pods-MasterThermEasyControl.Today-checkManifestLockResult.txt",
			);
			runOnlyForDeploymentPostprocessing = 0;
			shellPath = /bin/sh;
			shellScript = "diff \"${PODS_PODFILE_DIR_PATH}/Podfile.lock\" \"${PODS_ROOT}/Manifest.lock\" > /dev/null\nif [ $? != 0 ] ; then\n    # print error to STDERR\n    echo \"error: The sandbox is not in sync with the Podfile.lock. Run 'pod install' or update your CocoaPods installation.\" >&2\n    exit 1\nfi\n# This output is used by Xcode 'outputs' to avoid re-running this script phase.\necho \"SUCCESS\" > \"${SCRIPT_OUTPUT_FILE_0}\"\n";
			showEnvVarsInLog = 0;
		};
		56B6CB1D2299CAEE00277DD7 /* ShellScript */ = {
			isa = PBXShellScriptBuildPhase;
			buildActionMask = 2147483647;
			files = (
			);
			inputFileListPaths = (
			);
			inputPaths = (
				"$TEMP_DIR/rswift-lastrun",
			);
			outputFileListPaths = (
			);
			outputPaths = (
				$SRCROOT/R.generated.swift,
			);
			runOnlyForDeploymentPostprocessing = 0;
			shellScript = "# Type a script or drag a script file from your workspace to insert its path.\n\"$PODS_ROOT/R.swift/rswift\" generate \"$SRCROOT/R.generated.swift\"\n";
		};
		E9406F599A4BFB2E50F5D725 /* [CP] Embed Pods Frameworks */ = {
			isa = PBXShellScriptBuildPhase;
			buildActionMask = 2147483647;
			files = (
			);
			inputFileListPaths = (
				"${PODS_ROOT}/Target Support Files/Pods-MasterThermEasyControl/Pods-MasterThermEasyControl-frameworks-${CONFIGURATION}-input-files.xcfilelist",
			);
			name = "[CP] Embed Pods Frameworks";
			outputFileListPaths = (
				"${PODS_ROOT}/Target Support Files/Pods-MasterThermEasyControl/Pods-MasterThermEasyControl-frameworks-${CONFIGURATION}-output-files.xcfilelist",
			);
			runOnlyForDeploymentPostprocessing = 0;
			shellPath = /bin/sh;
			shellScript = "\"${PODS_ROOT}/Target Support Files/Pods-MasterThermEasyControl/Pods-MasterThermEasyControl-frameworks.sh\"\n";
			showEnvVarsInLog = 0;
		};
/* End PBXShellScriptBuildPhase section */

/* Begin PBXSourcesBuildPhase section */
		56315608228DC6A100C0B8D8 /* Sources */ = {
			isa = PBXSourcesBuildPhase;
			buildActionMask = 2147483647;
			files = (
				568B069B22BCEC5B00CCE6AC /* NumberFormatUtils.swift in Sources */,
				563A281522919BB5002A3708 /* ApiManager.swift in Sources */,
				56D70DE322BD45A200F6E156 /* ModuleInfoResponse.swift in Sources */,
				56170373229C76B300629790 /* StyleableButton.swift in Sources */,
				56B6CB182293347000277DD7 /* HeatModel.swift in Sources */,
				568205B22350D99300351245 /* MainViewController.swift in Sources */,
				56B6CB1C2299CA7400277DD7 /* GradientView.swift in Sources */,
				56D70D9722B512DB00F6E156 /* KeychainConfiguration.swift in Sources */,
				568B069E22BCFB5200CCE6AC /* AppReviewer.swift in Sources */,
				5617036B229C6B0100629790 /* LoginViewController.swift in Sources */,
				56315610228DC6A200C0B8D8 /* AppDelegate.swift in Sources */,
				563A281C22919ECE002A3708 /* StringEx.swift in Sources */,
				56B6CB1F2299CBFC00277DD7 /* R.generated.swift in Sources */,
				568205BA2350DE9E00351245 /* CardView.swift in Sources */,
				567DD3E623539177008948C2 /* InitialViewController.swift in Sources */,
				56D70DE022BABA4600F6E156 /* HeatPumpModel.swift in Sources */,
				56170374229C76B300629790 /* StyleableImageView.swift in Sources */,
				56D70DD422B6E65F00F6E156 /* ProfileViewController.swift in Sources */,
				56D70DDD22BAB90C00F6E156 /* ModelBase.swift in Sources */,
				56D70D8D22B4F60A00F6E156 /* HotWaterModel.swift in Sources */,
				568205BC23511D2A00351245 /* UIViewControllerEx.swift in Sources */,
				565E0D4C22B6686900E434AD /* Theme.swift in Sources */,
				56D70DD722B8197900F6E156 /* AlertUtils.swift in Sources */,
				56B6CB152291EA6900277DD7 /* DataResponse.swift in Sources */,
				56D70D8F22B4F66100F6E156 /* TemperatureModelBase.swift in Sources */,
				563A281A22919E92002A3708 /* CharsetEx.swift in Sources */,
				56D70DDA22B81A7300F6E156 /* HeatPumpInfoViewController.swift in Sources */,
				56B6CB1A2293386D00277DD7 /* Session.swift in Sources */,
				56170377229C76B300629790 /* StyleableTextField.swift in Sources */,
				56315625228DC79D00C0B8D8 /* TemperatureViewController.swift in Sources */,
				56AC78752291A0C10025D128 /* LoginResponse.swift in Sources */,
				563A281822919E7C002A3708 /* DictionaryEx.swift in Sources */,
				56170376229C76B300629790 /* StyleableSwitch.swift in Sources */,
				56170375229C76B300629790 /* StyleableLabel.swift in Sources */,
				56B6CB222299D81B00277DD7 /* Knob.swift in Sources */,
				568205BF235127F000351245 /* OutdoorTemperatureViewController.swift in Sources */,
				56D70D9822B512DB00F6E156 /* KeychainPasswordItem.swift in Sources */,
				56D70DA222B6848A00F6E156 /* BaseViewController.swift in Sources */,
			);
			runOnlyForDeploymentPostprocessing = 0;
		};
		56D70DA522B6B6A200F6E156 /* Sources */ = {
			isa = PBXSourcesBuildPhase;
			buildActionMask = 2147483647;
			files = (
				56D70DC622B6CB5800F6E156 /* Session.swift in Sources */,
				56D70DC922B6CBA100F6E156 /* DictionaryEx.swift in Sources */,
				56D70DBF22B6B73000F6E156 /* StyleableTextField.swift in Sources */,
				56D70DCB22B6CBA100F6E156 /* StringEx.swift in Sources */,
				56D70DE422BD45A200F6E156 /* ModuleInfoResponse.swift in Sources */,
				56D70DDE22BABA0F00F6E156 /* ModelBase.swift in Sources */,
				56D70DC522B6CB5800F6E156 /* ApiManager.swift in Sources */,
				56D70DC022B6C29800F6E156 /* Theme.swift in Sources */,
				56D70DBA22B6B6DB00F6E156 /* GradientView.swift in Sources */,
				56D70DD022B6D14300F6E156 /* TemperatureModelBase.swift in Sources */,
				56D70DCD22B6CBB000F6E156 /* KeychainPasswordItem.swift in Sources */,
				56D70DBB22B6B73000F6E156 /* StyleableButton.swift in Sources */,
				56D70DBC22B6B73000F6E156 /* StyleableImageView.swift in Sources */,
				568B069C22BCEDF800CCE6AC /* NumberFormatUtils.swift in Sources */,
				56D70DBE22B6B73000F6E156 /* StyleableSwitch.swift in Sources */,
				56D70DE122BABA4600F6E156 /* HeatPumpModel.swift in Sources */,
				56D70DCC22B6CBB000F6E156 /* KeychainConfiguration.swift in Sources */,
				56D70DBD22B6B73000F6E156 /* StyleableLabel.swift in Sources */,
				56D70DC722B6CB5F00F6E156 /* LoginResponse.swift in Sources */,
				56D70DCA22B6CBA100F6E156 /* CharsetEx.swift in Sources */,
				56D70DC822B6CB5F00F6E156 /* DataResponse.swift in Sources */,
				56D70DAE22B6B6A300F6E156 /* TodayViewController.swift in Sources */,
				56D70DCE22B6D14300F6E156 /* HeatModel.swift in Sources */,
				56D70DCF22B6D14300F6E156 /* HotWaterModel.swift in Sources */,
			);
			runOnlyForDeploymentPostprocessing = 0;
		};
/* End PBXSourcesBuildPhase section */

/* Begin PBXTargetDependency section */
		56D70DB422B6B6A300F6E156 /* PBXTargetDependency */ = {
			isa = PBXTargetDependency;
			platformFilter = ios;
			target = 56D70DA822B6B6A200F6E156 /* MasterThermEasyControl.Today */;
			targetProxy = 56D70DB322B6B6A300F6E156 /* PBXContainerItemProxy */;
		};
/* End PBXTargetDependency section */

/* Begin PBXVariantGroup section */
		560DCB08234E2A0D00B15ACB /* Localizable.strings */ = {
			isa = PBXVariantGroup;
			children = (
				560DCB07234E2A0D00B15ACB /* en */,
				560DCB09234E2A6000B15ACB /* cs */,
			);
			name = Localizable.strings;
			sourceTree = "<group>";
		};
		56315618228DC6A300C0B8D8 /* LaunchScreen.storyboard */ = {
			isa = PBXVariantGroup;
			children = (
				56315619228DC6A300C0B8D8 /* Base */,
			);
			name = LaunchScreen.storyboard;
			sourceTree = "<group>";
		};
		56D70DAF22B6B6A300F6E156 /* MainInterface.storyboard */ = {
			isa = PBXVariantGroup;
			children = (
				56D70DB022B6B6A300F6E156 /* Base */,
			);
			name = MainInterface.storyboard;
			sourceTree = "<group>";
		};
/* End PBXVariantGroup section */

/* Begin XCBuildConfiguration section */
		5631561C228DC6A300C0B8D8 /* Debug */ = {
			isa = XCBuildConfiguration;
			buildSettings = {
				ALWAYS_SEARCH_USER_PATHS = NO;
				CLANG_ANALYZER_LOCALIZABILITY_NONLOCALIZED = YES;
				CLANG_ANALYZER_NONNULL = YES;
				CLANG_ANALYZER_NUMBER_OBJECT_CONVERSION = YES_AGGRESSIVE;
				CLANG_CXX_LANGUAGE_STANDARD = "gnu++14";
				CLANG_CXX_LIBRARY = "libc++";
				CLANG_ENABLE_MODULES = YES;
				CLANG_ENABLE_OBJC_ARC = YES;
				CLANG_ENABLE_OBJC_WEAK = YES;
				CLANG_WARN_BLOCK_CAPTURE_AUTORELEASING = YES;
				CLANG_WARN_BOOL_CONVERSION = YES;
				CLANG_WARN_COMMA = YES;
				CLANG_WARN_CONSTANT_CONVERSION = YES;
				CLANG_WARN_DEPRECATED_OBJC_IMPLEMENTATIONS = YES;
				CLANG_WARN_DIRECT_OBJC_ISA_USAGE = YES_ERROR;
				CLANG_WARN_DOCUMENTATION_COMMENTS = YES;
				CLANG_WARN_EMPTY_BODY = YES;
				CLANG_WARN_ENUM_CONVERSION = YES;
				CLANG_WARN_INFINITE_RECURSION = YES;
				CLANG_WARN_INT_CONVERSION = YES;
				CLANG_WARN_NON_LITERAL_NULL_CONVERSION = YES;
				CLANG_WARN_OBJC_IMPLICIT_RETAIN_SELF = YES;
				CLANG_WARN_OBJC_LITERAL_CONVERSION = YES;
				CLANG_WARN_OBJC_ROOT_CLASS = YES_ERROR;
				CLANG_WARN_RANGE_LOOP_ANALYSIS = YES;
				CLANG_WARN_STRICT_PROTOTYPES = YES;
				CLANG_WARN_SUSPICIOUS_MOVE = YES;
				CLANG_WARN_UNGUARDED_AVAILABILITY = YES_AGGRESSIVE;
				CLANG_WARN_UNREACHABLE_CODE = YES;
				CLANG_WARN__DUPLICATE_METHOD_MATCH = YES;
				CODE_SIGN_IDENTITY = "iPhone Developer";
				COPY_PHASE_STRIP = NO;
				DEBUG_INFORMATION_FORMAT = dwarf;
				ENABLE_STRICT_OBJC_MSGSEND = YES;
				ENABLE_TESTABILITY = YES;
				GCC_C_LANGUAGE_STANDARD = gnu11;
				GCC_DYNAMIC_NO_PIC = NO;
				GCC_NO_COMMON_BLOCKS = YES;
				GCC_OPTIMIZATION_LEVEL = 0;
				GCC_PREPROCESSOR_DEFINITIONS = (
					"DEBUG=1",
					"$(inherited)",
				);
				GCC_WARN_64_TO_32_BIT_CONVERSION = YES;
				GCC_WARN_ABOUT_RETURN_TYPE = YES_ERROR;
				GCC_WARN_UNDECLARED_SELECTOR = YES;
				GCC_WARN_UNINITIALIZED_AUTOS = YES_AGGRESSIVE;
				GCC_WARN_UNUSED_FUNCTION = YES;
				GCC_WARN_UNUSED_VARIABLE = YES;
				IPHONEOS_DEPLOYMENT_TARGET = 13.0;
				MTL_ENABLE_DEBUG_INFO = INCLUDE_SOURCE;
				MTL_FAST_MATH = YES;
				ONLY_ACTIVE_ARCH = YES;
				SDKROOT = iphoneos;
				SWIFT_ACTIVE_COMPILATION_CONDITIONS = DEBUG;
				SWIFT_OPTIMIZATION_LEVEL = "-Onone";
			};
			name = Debug;
		};
		5631561D228DC6A300C0B8D8 /* Release */ = {
			isa = XCBuildConfiguration;
			buildSettings = {
				ALWAYS_SEARCH_USER_PATHS = NO;
				CLANG_ANALYZER_LOCALIZABILITY_NONLOCALIZED = YES;
				CLANG_ANALYZER_NONNULL = YES;
				CLANG_ANALYZER_NUMBER_OBJECT_CONVERSION = YES_AGGRESSIVE;
				CLANG_CXX_LANGUAGE_STANDARD = "gnu++14";
				CLANG_CXX_LIBRARY = "libc++";
				CLANG_ENABLE_MODULES = YES;
				CLANG_ENABLE_OBJC_ARC = YES;
				CLANG_ENABLE_OBJC_WEAK = YES;
				CLANG_WARN_BLOCK_CAPTURE_AUTORELEASING = YES;
				CLANG_WARN_BOOL_CONVERSION = YES;
				CLANG_WARN_COMMA = YES;
				CLANG_WARN_CONSTANT_CONVERSION = YES;
				CLANG_WARN_DEPRECATED_OBJC_IMPLEMENTATIONS = YES;
				CLANG_WARN_DIRECT_OBJC_ISA_USAGE = YES_ERROR;
				CLANG_WARN_DOCUMENTATION_COMMENTS = YES;
				CLANG_WARN_EMPTY_BODY = YES;
				CLANG_WARN_ENUM_CONVERSION = YES;
				CLANG_WARN_INFINITE_RECURSION = YES;
				CLANG_WARN_INT_CONVERSION = YES;
				CLANG_WARN_NON_LITERAL_NULL_CONVERSION = YES;
				CLANG_WARN_OBJC_IMPLICIT_RETAIN_SELF = YES;
				CLANG_WARN_OBJC_LITERAL_CONVERSION = YES;
				CLANG_WARN_OBJC_ROOT_CLASS = YES_ERROR;
				CLANG_WARN_RANGE_LOOP_ANALYSIS = YES;
				CLANG_WARN_STRICT_PROTOTYPES = YES;
				CLANG_WARN_SUSPICIOUS_MOVE = YES;
				CLANG_WARN_UNGUARDED_AVAILABILITY = YES_AGGRESSIVE;
				CLANG_WARN_UNREACHABLE_CODE = YES;
				CLANG_WARN__DUPLICATE_METHOD_MATCH = YES;
				CODE_SIGN_IDENTITY = "iPhone Developer";
				COPY_PHASE_STRIP = NO;
				DEBUG_INFORMATION_FORMAT = "dwarf-with-dsym";
				ENABLE_NS_ASSERTIONS = NO;
				ENABLE_STRICT_OBJC_MSGSEND = YES;
				GCC_C_LANGUAGE_STANDARD = gnu11;
				GCC_NO_COMMON_BLOCKS = YES;
				GCC_WARN_64_TO_32_BIT_CONVERSION = YES;
				GCC_WARN_ABOUT_RETURN_TYPE = YES_ERROR;
				GCC_WARN_UNDECLARED_SELECTOR = YES;
				GCC_WARN_UNINITIALIZED_AUTOS = YES_AGGRESSIVE;
				GCC_WARN_UNUSED_FUNCTION = YES;
				GCC_WARN_UNUSED_VARIABLE = YES;
				IPHONEOS_DEPLOYMENT_TARGET = 13.0;
				MTL_ENABLE_DEBUG_INFO = NO;
				MTL_FAST_MATH = YES;
				SDKROOT = iphoneos;
				SWIFT_COMPILATION_MODE = wholemodule;
				SWIFT_OPTIMIZATION_LEVEL = "-O";
				VALIDATE_PRODUCT = YES;
			};
			name = Release;
		};
		5631561F228DC6A300C0B8D8 /* Debug */ = {
			isa = XCBuildConfiguration;
			baseConfigurationReference = 1EB2AABB870DBD7713726A5D /* Pods-MasterThermEasyControl.debug.xcconfig */;
			buildSettings = {
				ASSETCATALOG_COMPILER_APPICON_NAME = AppIcon;
				CODE_SIGN_ENTITLEMENTS = MasterThermEasyControl/MasterThermEasyControl.entitlements;
				CODE_SIGN_STYLE = Automatic;
				CURRENT_PROJECT_VERSION = 12;
				DEVELOPMENT_TEAM = 42NG6AU5AL;
				INFOPLIST_FILE = MasterThermEasyControl/Info.plist;
				LD_RUNPATH_SEARCH_PATHS = (
					"$(inherited)",
					"@executable_path/Frameworks",
				);
				MARKETING_VERSION = 1.5;
				PRODUCT_BUNDLE_IDENTIFIER = cz.ljezny.MasterThermEasyControl;
				PRODUCT_NAME = "$(TARGET_NAME)";
				SUPPORTS_MACCATALYST = NO;
				SWIFT_VERSION = 4.2;
				TARGETED_DEVICE_FAMILY = "1,2";
			};
			name = Debug;
		};
		56315620228DC6A300C0B8D8 /* Release */ = {
			isa = XCBuildConfiguration;
			baseConfigurationReference = E4A230C0024BC301D1175C04 /* Pods-MasterThermEasyControl.release.xcconfig */;
			buildSettings = {
				ASSETCATALOG_COMPILER_APPICON_NAME = AppIcon;
				CODE_SIGN_ENTITLEMENTS = MasterThermEasyControl/MasterThermEasyControl.entitlements;
				CODE_SIGN_STYLE = Automatic;
				CURRENT_PROJECT_VERSION = 12;
				DEVELOPMENT_TEAM = 42NG6AU5AL;
				INFOPLIST_FILE = MasterThermEasyControl/Info.plist;
				LD_RUNPATH_SEARCH_PATHS = (
					"$(inherited)",
					"@executable_path/Frameworks",
				);
				MARKETING_VERSION = 1.5;
				PRODUCT_BUNDLE_IDENTIFIER = cz.ljezny.MasterThermEasyControl;
				PRODUCT_NAME = "$(TARGET_NAME)";
				SUPPORTS_MACCATALYST = NO;
				SWIFT_VERSION = 4.2;
				TARGETED_DEVICE_FAMILY = "1,2";
			};
			name = Release;
		};
		56D70DB722B6B6A300F6E156 /* Debug */ = {
			isa = XCBuildConfiguration;
			baseConfigurationReference = 984AD930A9D79CB8B99970E9 /* Pods-MasterThermEasyControl.Today.debug.xcconfig */;
			buildSettings = {
				CODE_SIGN_ENTITLEMENTS = MasterThermEasyControl.Today/MasterThermEasyControl.Today.entitlements;
				CODE_SIGN_STYLE = Automatic;
				CURRENT_PROJECT_VERSION = 12;
				DEVELOPMENT_TEAM = 42NG6AU5AL;
				INFOPLIST_FILE = MasterThermEasyControl.Today/Info.plist;
				IPHONEOS_DEPLOYMENT_TARGET = 13.0;
				LD_RUNPATH_SEARCH_PATHS = (
					"$(inherited)",
					"@executable_path/Frameworks",
					"@executable_path/../../Frameworks",
				);
				MARKETING_VERSION = 1.5;
				PRODUCT_BUNDLE_IDENTIFIER = "cz.ljezny.MasterThermEasyControl.MasterThermEasyControl-Today";
				PRODUCT_NAME = "$(TARGET_NAME)";
				SKIP_INSTALL = YES;
				SUPPORTS_MACCATALYST = NO;
				SWIFT_VERSION = 4.2;
				TARGETED_DEVICE_FAMILY = "1,2";
			};
			name = Debug;
		};
		56D70DB822B6B6A300F6E156 /* Release */ = {
			isa = XCBuildConfiguration;
			baseConfigurationReference = F272EADFC22189E62E568538 /* Pods-MasterThermEasyControl.Today.release.xcconfig */;
			buildSettings = {
				CODE_SIGN_ENTITLEMENTS = MasterThermEasyControl.Today/MasterThermEasyControl.Today.entitlements;
				CODE_SIGN_STYLE = Automatic;
				CURRENT_PROJECT_VERSION = 12;
				DEVELOPMENT_TEAM = 42NG6AU5AL;
				INFOPLIST_FILE = MasterThermEasyControl.Today/Info.plist;
				IPHONEOS_DEPLOYMENT_TARGET = 13.0;
				LD_RUNPATH_SEARCH_PATHS = (
					"$(inherited)",
					"@executable_path/Frameworks",
					"@executable_path/../../Frameworks",
				);
				MARKETING_VERSION = 1.5;
				PRODUCT_BUNDLE_IDENTIFIER = "cz.ljezny.MasterThermEasyControl.MasterThermEasyControl-Today";
				PRODUCT_NAME = "$(TARGET_NAME)";
				SKIP_INSTALL = YES;
				SUPPORTS_MACCATALYST = NO;
				SWIFT_VERSION = 4.2;
				TARGETED_DEVICE_FAMILY = "1,2";
			};
			name = Release;
		};
/* End XCBuildConfiguration section */

/* Begin XCConfigurationList section */
		56315607228DC6A100C0B8D8 /* Build configuration list for PBXProject "MasterThermEasyControl" */ = {
			isa = XCConfigurationList;
			buildConfigurations = (
				5631561C228DC6A300C0B8D8 /* Debug */,
				5631561D228DC6A300C0B8D8 /* Release */,
			);
			defaultConfigurationIsVisible = 0;
			defaultConfigurationName = Release;
		};
		5631561E228DC6A300C0B8D8 /* Build configuration list for PBXNativeTarget "MasterThermEasyControl" */ = {
			isa = XCConfigurationList;
			buildConfigurations = (
				5631561F228DC6A300C0B8D8 /* Debug */,
				56315620228DC6A300C0B8D8 /* Release */,
			);
			defaultConfigurationIsVisible = 0;
			defaultConfigurationName = Release;
		};
		56D70DB622B6B6A300F6E156 /* Build configuration list for PBXNativeTarget "MasterThermEasyControl.Today" */ = {
			isa = XCConfigurationList;
			buildConfigurations = (
				56D70DB722B6B6A300F6E156 /* Debug */,
				56D70DB822B6B6A300F6E156 /* Release */,
			);
			defaultConfigurationIsVisible = 0;
			defaultConfigurationName = Release;
		};
/* End XCConfigurationList section */
	};
	rootObject = 56315604228DC6A100C0B8D8 /* Project object */;
}
